
Microsoft Visual Studio Solution File, Format Version 12.00
# Visual Studio 2013
VisualStudioVersion = 12.0.21005.1
MinimumVisualStudioVersion = 10.0.40219.1
Project("{FAE04EC0-301F-11D3-BF4B-00C04F79EFBC}") = "IAEW_API_WebRequest", "IAEW_API_WebRequest\IAEW_API_WebRequest.csproj", "{0A4D0415-1656-4FB7-A7E4-5724FD586334}"
EndProject
Project("{FAE04EC0-301F-11D3-BF4B-00C04F79EFBC}") = "IAEW_API_Ajax", "IAEW_API_Ajax\IAEW_API_Ajax.csproj", "{B246B8E3-C5F3-4DBF-9A67-A8D91EEC9A7E}"
EndProject
Global
	GlobalSection(SolutionConfigurationPlatforms) = preSolution
		Debug|Any CPU = Debug|Any CPU
		Release|Any CPU = Release|Any CPU
	EndGlobalSection
	GlobalSection(ProjectConfigurationPlatforms) = postSolution
		{0A4D0415-1656-4FB7-A7E4-5724FD586334}.Debug|Any CPU.ActiveCfg = Debug|Any CPU
		{0A4D0415-1656-4FB7-A7E4-5724FD586334}.Debug|Any CPU.Build.0 = Debug|Any CPU
		{0A4D0415-1656-4FB7-A7E4-5724FD586334}.Release|Any CPU.ActiveCfg = Release|Any CPU
		{0A4D0415-1656-4FB7-A7E4-5724FD586334}.Release|Any CPU.Build.0 = Release|Any CPU
		{B246B8E3-C5F3-4DBF-9A67-A8D91EEC9A7E}.Debug|Any CPU.ActiveCfg = Debug|Any CPU
		{B246B8E3-C5F3-4DBF-9A67-A8D91EEC9A7E}.Debug|Any CPU.Build.0 = Debug|Any CPU
		{B246B8E3-C5F3-4DBF-9A67-A8D91EEC9A7E}.Release|Any CPU.ActiveCfg = Release|Any CPU
		{B246B8E3-C5F3-4DBF-9A67-A8D91EEC9A7E}.Release|Any CPU.Build.0 = Release|Any CPU
	EndGlobalSection
	GlobalSection(SolutionProperties) = preSolution
		HideSolutionNode = FALSE
	EndGlobalSection
EndGlobal
